
Microsoft Visual Studio Solution File, Format Version 12.00
# Visual Studio Version 17
VisualStudioVersion = 17.6.33829.357
MinimumVisualStudioVersion = 10.0.40219.1
Project("{FAE04EC0-301F-11D3-BF4B-00C04F79EFBC}") = "TestProject2", "TestProject2.csproj", "{A1ADA32C-3F42-479F-BB78-FA141E471404}"
EndProject
Global
	GlobalSection(SolutionConfigurationPlatforms) = preSolution
		Debug|Any CPU = Debug|Any CPU
		Release|Any CPU = Release|Any CPU
	EndGlobalSection
	GlobalSection(ProjectConfigurationPlatforms) = postSolution
		{A1ADA32C-3F42-479F-BB78-FA141E471404}.Debug|Any CPU.ActiveCfg = Debug|Any CPU
		{A1ADA32C-3F42-479F-BB78-FA141E471404}.Debug|Any CPU.Build.0 = Debug|Any CPU
		{A1ADA32C-3F42-479F-BB78-FA141E471404}.Release|Any CPU.ActiveCfg = Release|Any CPU
		{A1ADA32C-3F42-479F-BB78-FA141E471404}.Release|Any CPU.Build.0 = Release|Any CPU
	EndGlobalSection
	GlobalSection(SolutionProperties) = preSolution
		HideSolutionNode = FALSE
	EndGlobalSection
	GlobalSection(ExtensibilityGlobals) = postSolution
		SolutionGuid = {3E4444A9-C423-4814-BAF4-841FFD2765FC}
	EndGlobalSection
EndGlobal
