
Microsoft Visual Studio Solution File, Format Version 12.00
# Visual Studio Version 17
VisualStudioVersion = 17.6.33829.357
MinimumVisualStudioVersion = 10.0.40219.1
Project("{FAE04EC0-301F-11D3-BF4B-00C04F79EFBC}") = "YazılımSınamaProje", "YazılımSınamaProje.csproj", "{68DAADB3-6061-4824-B9D3-134EEF1F098A}"
EndProject
Global
	GlobalSection(SolutionConfigurationPlatforms) = preSolution
		Debug|Any CPU = Debug|Any CPU
		Release|Any CPU = Release|Any CPU
	EndGlobalSection
	GlobalSection(ProjectConfigurationPlatforms) = postSolution
		{68DAADB3-6061-4824-B9D3-134EEF1F098A}.Debug|Any CPU.ActiveCfg = Debug|Any CPU
		{68DAADB3-6061-4824-B9D3-134EEF1F098A}.Debug|Any CPU.Build.0 = Debug|Any CPU
		{68DAADB3-6061-4824-B9D3-134EEF1F098A}.Release|Any CPU.ActiveCfg = Release|Any CPU
		{68DAADB3-6061-4824-B9D3-134EEF1F098A}.Release|Any CPU.Build.0 = Release|Any CPU
	EndGlobalSection
	GlobalSection(SolutionProperties) = preSolution
		HideSolutionNode = FALSE
	EndGlobalSection
	GlobalSection(ExtensibilityGlobals) = postSolution
		SolutionGuid = {662B53AC-7401-422D-A7D9-4396998DF5DD}
	EndGlobalSection
EndGlobal
